
Microsoft Visual Studio Solution File, Format Version 12.00
# Visual Studio Version 17
VisualStudioVersion = 17.8.34330.188
MinimumVisualStudioVersion = 10.0.40219.1
Project("{FAE04EC0-301F-11D3-BF4B-00C04F79EFBC}") = "TournamentAPI.Api", "TournamentAPI.Api\TournamentAPI.Api.csproj", "{F771245D-CDA0-419F-92EA-C99A6119D937}"
EndProject
Project("{FAE04EC0-301F-11D3-BF4B-00C04F79EFBC}") = "TournamentAPI.Core", "TournamentAPI.Core\TournamentAPI.Core.csproj", "{042E7C65-F2B7-40CA-B051-8B5DD63015E1}"
EndProject
Project("{FAE04EC0-301F-11D3-BF4B-00C04F79EFBC}") = "TournamentAPI.Data", "TournamentAPI.Data\TournamentAPI.Data.csproj", "{B82E741E-84EA-4891-9974-CC619DB780DC}"
EndProject
Global
	GlobalSection(SolutionConfigurationPlatforms) = preSolution
		Debug|Any CPU = Debug|Any CPU
		Release|Any CPU = Release|Any CPU
	EndGlobalSection
	GlobalSection(ProjectConfigurationPlatforms) = postSolution
		{F771245D-CDA0-419F-92EA-C99A6119D937}.Debug|Any CPU.ActiveCfg = Debug|Any CPU
		{F771245D-CDA0-419F-92EA-C99A6119D937}.Debug|Any CPU.Build.0 = Debug|Any CPU
		{F771245D-CDA0-419F-92EA-C99A6119D937}.Release|Any CPU.ActiveCfg = Release|Any CPU
		{F771245D-CDA0-419F-92EA-C99A6119D937}.Release|Any CPU.Build.0 = Release|Any CPU
		{042E7C65-F2B7-40CA-B051-8B5DD63015E1}.Debug|Any CPU.ActiveCfg = Debug|Any CPU
		{042E7C65-F2B7-40CA-B051-8B5DD63015E1}.Debug|Any CPU.Build.0 = Debug|Any CPU
		{042E7C65-F2B7-40CA-B051-8B5DD63015E1}.Release|Any CPU.ActiveCfg = Release|Any CPU
		{042E7C65-F2B7-40CA-B051-8B5DD63015E1}.Release|Any CPU.Build.0 = Release|Any CPU
		{B82E741E-84EA-4891-9974-CC619DB780DC}.Debug|Any CPU.ActiveCfg = Debug|Any CPU
		{B82E741E-84EA-4891-9974-CC619DB780DC}.Debug|Any CPU.Build.0 = Debug|Any CPU
		{B82E741E-84EA-4891-9974-CC619DB780DC}.Release|Any CPU.ActiveCfg = Release|Any CPU
		{B82E741E-84EA-4891-9974-CC619DB780DC}.Release|Any CPU.Build.0 = Release|Any CPU
	EndGlobalSection
	GlobalSection(SolutionProperties) = preSolution
		HideSolutionNode = FALSE
	EndGlobalSection
	GlobalSection(ExtensibilityGlobals) = postSolution
		SolutionGuid = {9A5FA69A-8BE5-4F5D-9D8C-A05C81F5C6B0}
	EndGlobalSection
EndGlobal
